# This file was autogenerated by Stack.
# You should not edit this file by hand.
# For more information, please see the documentation at:
#   https://docs.haskellstack.org/en/stable/lock_files

packages:
- completed:
    subdir: inline
    name: concat-inline
    version: 0.1.0.0
    git: https://github.com/conal/concat.git
    pantry-tree:
      size: 319
      sha256: 54fc1efd925d33e67eddaf121419ebd59f15b775c84d8e381a58832f17680fda
    commit: 6da06f44947ea8909fa3d60e94a238f7bc998bb6
  original:
    subdir: inline
    git: https://github.com/conal/concat.git
    commit: 6da06f44947ea8909fa3d60e94a238f7bc998bb6
- completed:
    subdir: known
    name: concat-known
    version: 0.1.0.0
    git: https://github.com/conal/concat.git
    pantry-tree:
      size: 168
      sha256: 32bfd2141c47e73bb9f7caea8866a62490913cea7c48eced10dc77f547cec134
    commit: 6da06f44947ea8909fa3d60e94a238f7bc998bb6
  original:
    subdir: known
    git: https://github.com/conal/concat.git
    commit: 6da06f44947ea8909fa3d60e94a238f7bc998bb6
- completed:
    subdir: satisfy
    name: concat-satisfy
    version: 0.1.0.0
    git: https://github.com/conal/concat.git
    pantry-tree:
      size: 374
      sha256: d346aa66a7ac18fc3290c3fde3498a3511b86147686f152e5d1a1c25d8bc74fa
    commit: 6da06f44947ea8909fa3d60e94a238f7bc998bb6
  original:
    subdir: satisfy
    git: https://github.com/conal/concat.git
    commit: 6da06f44947ea8909fa3d60e94a238f7bc998bb6
- completed:
    subdir: classes
    name: concat-classes
    version: 0.3.0.0
    git: https://github.com/conal/concat.git
    pantry-tree:
      size: 1067
      sha256: d820c85a5ec00c4a88b07d32b739cc6e3e8242550120b088b5d81c56822bcfed
    commit: 6da06f44947ea8909fa3d60e94a238f7bc998bb6
  original:
    subdir: classes
    git: https://github.com/conal/concat.git
    commit: 6da06f44947ea8909fa3d60e94a238f7bc998bb6
- completed:
    subdir: plugin
    name: concat-plugin
    version: 0.3.0.0
    git: https://github.com/conal/concat.git
    pantry-tree:
      size: 460
      sha256: b94e28a01445292bf0d04caf4345da7f63570082c20796dadf19e132e231c21c
    commit: 6da06f44947ea8909fa3d60e94a238f7bc998bb6
  original:
    subdir: plugin
    git: https://github.com/conal/concat.git
    commit: 6da06f44947ea8909fa3d60e94a238f7bc998bb6
- completed:
    subdir: examples
    name: concat-examples
    version: 0.3.0.0
    git: https://github.com/conal/concat.git
    pantry-tree:
      size: 9186
      sha256: 10807fd30c1406e08ac12950ebb6a21bcbaac8381764b74dac9165468383623d
    commit: 6da06f44947ea8909fa3d60e94a238f7bc998bb6
  original:
    subdir: examples
    git: https://github.com/conal/concat.git
    commit: 6da06f44947ea8909fa3d60e94a238f7bc998bb6
- completed:
    subdir: graphics
    name: concat-graphics
    version: 0.1.0.0
    git: https://github.com/conal/concat.git
    pantry-tree:
      size: 641
      sha256: 9eaf49ce2586bfea4927f415ab3361e562009e2289a5fc3f5c2ea8eb61b56e8b
    commit: 6da06f44947ea8909fa3d60e94a238f7bc998bb6
  original:
    subdir: graphics
    git: https://github.com/conal/concat.git
    commit: 6da06f44947ea8909fa3d60e94a238f7bc998bb6
- completed:
    subdir: hardware
    name: concat-hardware
    version: 0.1.0.0
    git: https://github.com/conal/concat.git
    pantry-tree:
      size: 500
      sha256: 5a6cd83d166111497d9068e76f929665d2f2081142a86f81f817fa5e69f2c203
    commit: 6da06f44947ea8909fa3d60e94a238f7bc998bb6
  original:
    subdir: hardware
    git: https://github.com/conal/concat.git
    commit: 6da06f44947ea8909fa3d60e94a238f7bc998bb6
- completed:
    name: opt-expect
    version: 0.1.0.0
    git: https://github.com/faezs/opt-expect.git
    pantry-tree:
      size: 2037
      sha256: dc828669f938b45cf1a1cd102cd309c29dc9a463d0e174954e804b382b73f1e4
    commit: c1f91ea02a8fcb50587e7a50514363f7a3bbd5f4
  original:
    git: https://github.com/faezs/opt-expect.git
    commit: c1f91ea02a8fcb50587e7a50514363f7a3bbd5f4
- completed:
    name: propagators
    version: '0'
    git: https://github.com/ekmett/propagators.git
    pantry-tree:
      size: 953
      sha256: a535b2cead7831fa11a222917504820efb9e3fab4f858dd1fc170cbbfbf5fc32
    commit: 6de416c68d7970d734dc139079337a20b078e45c
  original:
    git: https://github.com/ekmett/propagators.git
    commit: 6de416c68d7970d734dc139079337a20b078e45c
- completed:
    hackage: geodetics-0.1.0@sha256:699c10cd8d69222b125d054cdc8e2bcee7cb0558c78fa1b4fa06b2d3ecf29f5c,2387
    pantry-tree:
      size: 1086
      sha256: e1c0342b02b90ed50a0d6529084bc3938a12c6d8ad207248b17a3cdd1199381c
  original:
    hackage: geodetics-0.1.0@sha256:699c10cd8d69222b125d054cdc8e2bcee7cb0558c78fa1b4fa06b2d3ecf29f5c,2387
- completed:
    hackage: hgeometry-0.9.0.0@sha256:43043574d2ce39c543dfadb629ab3a41fe65d7bf68a1426d8d01312818bc6e4e,9702
    pantry-tree:
      size: 7938
      sha256: 12f4111632cb729bc0033a4091a660fe455a134ece285c6ca735945b9eaba3bc
  original:
    hackage: hgeometry-0.9.0.0@sha256:43043574d2ce39c543dfadb629ab3a41fe65d7bf68a1426d8d01312818bc6e4e,9702
- completed:
    hackage: hgeometry-combinatorial-0.9.0.0@sha256:a03b48302d8c542ff2ff90ba5d45f2742cc21ed1a676c8fa4870cd461a273354,7367
    pantry-tree:
      size: 3029
      sha256: 34db701f1428f1e64c58b0c1df02228c136f1c7b0321a832c9ba6800b8049078
  original:
    hackage: hgeometry-combinatorial-0.9.0.0@sha256:a03b48302d8c542ff2ff90ba5d45f2742cc21ed1a676c8fa4870cd461a273354,7367
- completed:
    hackage: monad-bayes-0.1.1.0@sha256:57d96f530a37a1c8efed0830c7f2bcf86da05d0d53324aebdd5b5aa165d72829,5132
    pantry-tree:
      size: 2419
      sha256: 39c3c264da0b75b717909693f5ecaf8342761e4da62d6c273ae4fdc5d2011afb
  original:
    hackage: monad-bayes-0.1.1.0@sha256:57d96f530a37a1c8efed0830c7f2bcf86da05d0d53324aebdd5b5aa165d72829,5132
- completed:
    hackage: fusion-plugin-0.2.1@sha256:f72d7393d2c39909050cae46173e0218bf533a899be05b448ae55f9d4a81be9c,2349
    pantry-tree:
      size: 369
      sha256: 87b912647b1a060b3b6cdf9bdc24b6e8ab9a8847c5333bb3bdd948af513f491f
  original:
    hackage: fusion-plugin-0.2.1@sha256:f72d7393d2c39909050cae46173e0218bf533a899be05b448ae55f9d4a81be9c,2349
- completed:
    hackage: perfect-vector-shuffle-0.1.1.1@sha256:8656a3f1f491d1d79aba9e0a5dbb08589613202b08c7a9b92570d6bec7390093,3668
    pantry-tree:
      size: 422
      sha256: b80f0796f26f723e7fbfae1c4d134a74732b5eaef3fe8a4d1cb37259ec7f737f
  original:
    hackage: perfect-vector-shuffle-0.1.1.1@sha256:8656a3f1f491d1d79aba9e0a5dbb08589613202b08c7a9b92570d6bec7390093,3668
- completed:
    hackage: streamly-0.7.2@sha256:2dbcbd2d807b5465a281bde1a71a21f1e1e1b00be93b23083a868a07dc76de95,28286
    pantry-tree:
      size: 12739
      sha256: fe4ea63b78d983f54a4a159727aa1f441b23aa1d919405de370474bdd0e6791f
  original:
    hackage: streamly-0.7.2@sha256:2dbcbd2d807b5465a281bde1a71a21f1e1e1b00be93b23083a868a07dc76de95,28286
- completed:
    hackage: fusion-plugin-types-0.1.0@sha256:0f11bbc445ab8ae3dbbb3d5d2ea198bdb1ac020518b7f4f7579035dc89182438,1506
    pantry-tree:
      size: 378
      sha256: c349aa6c4e10a57c65ae83eb1082948642b66a97bf0c0b73e57e4d88da89f3cd
  original:
    hackage: fusion-plugin-types-0.1.0@sha256:0f11bbc445ab8ae3dbbb3d5d2ea198bdb1ac020518b7f4f7579035dc89182438,1506
snapshots:
- completed:
    size: 524799
    url: https://raw.githubusercontent.com/commercialhaskell/stackage-snapshots/master/lts/14/17.yaml
    sha256: 1d72b33c0fc048e23f4f18fd76a6ad79dd1d8a3c054644098a71a09855e40c7c
  original: lts-14.17
